// !$*UTF8*$!
{
	archiveVersion = 1;
	classes = {
	};
	objectVersion = 55;
	objects = {

/* Begin PBXBuildFile section */
		DF0FFBC8292BE9E80053344D /* TextExtensions.swift in Sources */ = {isa = PBXBuildFile; fileRef = DF0FFBC7292BE9E80053344D /* TextExtensions.swift */; };
		DF24AF8B29085CA600930240 /* OnboardingContainerViewModel.swift in Sources */ = {isa = PBXBuildFile; fileRef = DF24AF8A29085CA600930240 /* OnboardingContainerViewModel.swift */; };
		DF24AF8E2908613100930240 /* HomeViewController.swift in Sources */ = {isa = PBXBuildFile; fileRef = DF24AF8D2908613100930240 /* HomeViewController.swift */; };
		DF2AF8752927FB2600F7E479 /* CurrencyFormatter.swift in Sources */ = {isa = PBXBuildFile; fileRef = DF2AF8742927FB2600F7E479 /* CurrencyFormatter.swift */; };
		DF3D7EBC292271AB0043F06B /* HomeViewModel.swift in Sources */ = {isa = PBXBuildFile; fileRef = DF3D7EBB292271AB0043F06B /* HomeViewModel.swift */; };
		DF3D7EBF29227B4A0043F06B /* HomeModel.swift in Sources */ = {isa = PBXBuildFile; fileRef = DF3D7EBE29227B4A0043F06B /* HomeModel.swift */; };
		DF820EDF292F9B3000A1DF8D /* TextExtensionTests.swift in Sources */ = {isa = PBXBuildFile; fileRef = DF820EDE292F9B3000A1DF8D /* TextExtensionTests.swift */; };
		DF820EE2292F9F2B00A1DF8D /* CurrencyFormatterTests.swift in Sources */ = {isa = PBXBuildFile; fileRef = DF820EE1292F9F2B00A1DF8D /* CurrencyFormatterTests.swift */; };
		DFA9A1ED2938DFFB000A285C /* NSNotificationName.swift in Sources */ = {isa = PBXBuildFile; fileRef = DFA9A1EC2938DFFB000A285C /* NSNotificationName.swift */; };
		DFAE0FB82904A600000D94C4 /* LoginViewModel.swift in Sources */ = {isa = PBXBuildFile; fileRef = DFAE0FB72904A600000D94C4 /* LoginViewModel.swift */; };
		DFB7059B2906F35600A42A28 /* OnboardingContainerViewController.swift in Sources */ = {isa = PBXBuildFile; fileRef = DFB7059A2906F35600A42A28 /* OnboardingContainerViewController.swift */; };
		DFB705A82907206100A42A28 /* ColorExtension.swift in Sources */ = {isa = PBXBuildFile; fileRef = DFB705A72907206100A42A28 /* ColorExtension.swift */; };
		DFB705AE290730A800A42A28 /* OnboardingViewController.swift in Sources */ = {isa = PBXBuildFile; fileRef = DFB705AD290730A800A42A28 /* OnboardingViewController.swift */; };
		DFC05ECD291982A70069E7A0 /* MainTabBarViewModel.swift in Sources */ = {isa = PBXBuildFile; fileRef = DFC05ECC291982A70069E7A0 /* MainTabBarViewModel.swift */; };
		DFC05ED4291987150069E7A0 /* HomeCell.swift in Sources */ = {isa = PBXBuildFile; fileRef = DFC05ED3291987150069E7A0 /* HomeCell.swift */; };
		DFE87B332902E2080088CB76 /* AppDelegate.swift in Sources */ = {isa = PBXBuildFile; fileRef = DFE87B322902E2080088CB76 /* AppDelegate.swift */; };
		DFE87B352902E2080088CB76 /* SceneDelegate.swift in Sources */ = {isa = PBXBuildFile; fileRef = DFE87B342902E2080088CB76 /* SceneDelegate.swift */; };
		DFE87B372902E2080088CB76 /* LoginViewController.swift in Sources */ = {isa = PBXBuildFile; fileRef = DFE87B362902E2080088CB76 /* LoginViewController.swift */; };
		DFE87B3C2902E2090088CB76 /* Assets.xcassets in Resources */ = {isa = PBXBuildFile; fileRef = DFE87B3B2902E2090088CB76 /* Assets.xcassets */; };
		DFE87B3F2902E2090088CB76 /* LaunchScreen.storyboard in Resources */ = {isa = PBXBuildFile; fileRef = DFE87B3D2902E2090088CB76 /* LaunchScreen.storyboard */; };
		DFE87B492902FF360088CB76 /* LoginView.swift in Sources */ = {isa = PBXBuildFile; fileRef = DFE87B482902FF360088CB76 /* LoginView.swift */; };
		DFF77CA62916F298002A7113 /* HomeHeaderView.swift in Sources */ = {isa = PBXBuildFile; fileRef = DFF77CA52916F298002A7113 /* HomeHeaderView.swift */; };
		DFF77CA82916F2B9002A7113 /* HomeHeaderView.xib in Resources */ = {isa = PBXBuildFile; fileRef = DFF77CA72916F2B9002A7113 /* HomeHeaderView.xib */; };
		DFFE9423290AC474008AC892 /* NavigationLogin.swift in Sources */ = {isa = PBXBuildFile; fileRef = DFFE9422290AC474008AC892 /* NavigationLogin.swift */; };
		DFFE9445290AD445008AC892 /* ViewControllerExtension.swift in Sources */ = {isa = PBXBuildFile; fileRef = DFFE9444290AD445008AC892 /* ViewControllerExtension.swift */; };
		DFFE9448290B0F03008AC892 /* LocalState.swift in Sources */ = {isa = PBXBuildFile; fileRef = DFFE9447290B0F03008AC892 /* LocalState.swift */; };
		DFFE944A290C6670008AC892 /* MainTabBarController.swift in Sources */ = {isa = PBXBuildFile; fileRef = DFFE9449290C6670008AC892 /* MainTabBarController.swift */; };
		DFFE944C290C6CE5008AC892 /* TransactionsViewController.swift in Sources */ = {isa = PBXBuildFile; fileRef = DFFE944B290C6CE5008AC892 /* TransactionsViewController.swift */; };
		DFFE944E290C6D14008AC892 /* MoreInformationViewController.swift in Sources */ = {isa = PBXBuildFile; fileRef = DFFE944D290C6D14008AC892 /* MoreInformationViewController.swift */; };
/* End PBXBuildFile section */

/* Begin PBXContainerItemProxy section */
		DF2AF86F2927F2CB00F7E479 /* PBXContainerItemProxy */ = {
			isa = PBXContainerItemProxy;
			containerPortal = DFE87B272902E2080088CB76 /* Project object */;
			proxyType = 1;
			remoteGlobalIDString = DFE87B2E2902E2080088CB76;
			remoteInfo = BankAccount;
		};
/* End PBXContainerItemProxy section */

/* Begin PBXFileReference section */
		DF0FFBC7292BE9E80053344D /* TextExtensions.swift */ = {isa = PBXFileReference; lastKnownFileType = sourcecode.swift; path = TextExtensions.swift; sourceTree = "<group>"; };
		DF24AF8A29085CA600930240 /* OnboardingContainerViewModel.swift */ = {isa = PBXFileReference; lastKnownFileType = sourcecode.swift; path = OnboardingContainerViewModel.swift; sourceTree = "<group>"; };
		DF24AF8D2908613100930240 /* HomeViewController.swift */ = {isa = PBXFileReference; lastKnownFileType = sourcecode.swift; path = HomeViewController.swift; sourceTree = "<group>"; };
		DF2AF86B2927F2CB00F7E479 /* BankAccountUnitTests.xctest */ = {isa = PBXFileReference; explicitFileType = wrapper.cfbundle; includeInIndex = 0; path = BankAccountUnitTests.xctest; sourceTree = BUILT_PRODUCTS_DIR; };
		DF2AF8742927FB2600F7E479 /* CurrencyFormatter.swift */ = {isa = PBXFileReference; lastKnownFileType = sourcecode.swift; path = CurrencyFormatter.swift; sourceTree = "<group>"; };
		DF3D7EBB292271AB0043F06B /* HomeViewModel.swift */ = {isa = PBXFileReference; lastKnownFileType = sourcecode.swift; path = HomeViewModel.swift; sourceTree = "<group>"; };
		DF3D7EBE29227B4A0043F06B /* HomeModel.swift */ = {isa = PBXFileReference; lastKnownFileType = sourcecode.swift; path = HomeModel.swift; sourceTree = "<group>"; };
		DF820EDE292F9B3000A1DF8D /* TextExtensionTests.swift */ = {isa = PBXFileReference; lastKnownFileType = sourcecode.swift; path = TextExtensionTests.swift; sourceTree = "<group>"; };
		DF820EE1292F9F2B00A1DF8D /* CurrencyFormatterTests.swift */ = {isa = PBXFileReference; lastKnownFileType = sourcecode.swift; path = CurrencyFormatterTests.swift; sourceTree = "<group>"; };
		DFA9A1EC2938DFFB000A285C /* NSNotificationName.swift */ = {isa = PBXFileReference; lastKnownFileType = sourcecode.swift; path = NSNotificationName.swift; sourceTree = "<group>"; };
		DFAE0FB72904A600000D94C4 /* LoginViewModel.swift */ = {isa = PBXFileReference; lastKnownFileType = sourcecode.swift; path = LoginViewModel.swift; sourceTree = "<group>"; };
		DFB7059A2906F35600A42A28 /* OnboardingContainerViewController.swift */ = {isa = PBXFileReference; lastKnownFileType = sourcecode.swift; path = OnboardingContainerViewController.swift; sourceTree = "<group>"; };
		DFB705A72907206100A42A28 /* ColorExtension.swift */ = {isa = PBXFileReference; lastKnownFileType = sourcecode.swift; path = ColorExtension.swift; sourceTree = "<group>"; };
		DFB705AD290730A800A42A28 /* OnboardingViewController.swift */ = {isa = PBXFileReference; lastKnownFileType = sourcecode.swift; path = OnboardingViewController.swift; sourceTree = "<group>"; };
		DFC05ECC291982A70069E7A0 /* MainTabBarViewModel.swift */ = {isa = PBXFileReference; lastKnownFileType = sourcecode.swift; path = MainTabBarViewModel.swift; sourceTree = "<group>"; };
		DFC05ED3291987150069E7A0 /* HomeCell.swift */ = {isa = PBXFileReference; lastKnownFileType = sourcecode.swift; path = HomeCell.swift; sourceTree = "<group>"; };
		DFE87B2F2902E2080088CB76 /* BankAccount.app */ = {isa = PBXFileReference; explicitFileType = wrapper.application; includeInIndex = 0; path = BankAccount.app; sourceTree = BUILT_PRODUCTS_DIR; };
		DFE87B322902E2080088CB76 /* AppDelegate.swift */ = {isa = PBXFileReference; lastKnownFileType = sourcecode.swift; path = AppDelegate.swift; sourceTree = "<group>"; };
		DFE87B342902E2080088CB76 /* SceneDelegate.swift */ = {isa = PBXFileReference; lastKnownFileType = sourcecode.swift; path = SceneDelegate.swift; sourceTree = "<group>"; };
		DFE87B362902E2080088CB76 /* LoginViewController.swift */ = {isa = PBXFileReference; lastKnownFileType = sourcecode.swift; path = LoginViewController.swift; sourceTree = "<group>"; };
		DFE87B3B2902E2090088CB76 /* Assets.xcassets */ = {isa = PBXFileReference; lastKnownFileType = folder.assetcatalog; path = Assets.xcassets; sourceTree = "<group>"; };
		DFE87B3E2902E2090088CB76 /* Base */ = {isa = PBXFileReference; lastKnownFileType = file.storyboard; name = Base; path = Base.lproj/LaunchScreen.storyboard; sourceTree = "<group>"; };
		DFE87B402902E2090088CB76 /* Info.plist */ = {isa = PBXFileReference; lastKnownFileType = text.plist.xml; path = Info.plist; sourceTree = "<group>"; };
		DFE87B482902FF360088CB76 /* LoginView.swift */ = {isa = PBXFileReference; lastKnownFileType = sourcecode.swift; path = LoginView.swift; sourceTree = "<group>"; };
		DFF77CA52916F298002A7113 /* HomeHeaderView.swift */ = {isa = PBXFileReference; lastKnownFileType = sourcecode.swift; path = HomeHeaderView.swift; sourceTree = "<group>"; };
		DFF77CA72916F2B9002A7113 /* HomeHeaderView.xib */ = {isa = PBXFileReference; lastKnownFileType = file.xib; path = HomeHeaderView.xib; sourceTree = "<group>"; };
		DFFE9422290AC474008AC892 /* NavigationLogin.swift */ = {isa = PBXFileReference; lastKnownFileType = sourcecode.swift; path = NavigationLogin.swift; sourceTree = "<group>"; };
		DFFE9444290AD445008AC892 /* ViewControllerExtension.swift */ = {isa = PBXFileReference; lastKnownFileType = sourcecode.swift; path = ViewControllerExtension.swift; sourceTree = "<group>"; };
		DFFE9447290B0F03008AC892 /* LocalState.swift */ = {isa = PBXFileReference; lastKnownFileType = sourcecode.swift; path = LocalState.swift; sourceTree = "<group>"; };
		DFFE9449290C6670008AC892 /* MainTabBarController.swift */ = {isa = PBXFileReference; lastKnownFileType = sourcecode.swift; path = MainTabBarController.swift; sourceTree = "<group>"; };
		DFFE944B290C6CE5008AC892 /* TransactionsViewController.swift */ = {isa = PBXFileReference; lastKnownFileType = sourcecode.swift; path = TransactionsViewController.swift; sourceTree = "<group>"; };
		DFFE944D290C6D14008AC892 /* MoreInformationViewController.swift */ = {isa = PBXFileReference; lastKnownFileType = sourcecode.swift; path = MoreInformationViewController.swift; sourceTree = "<group>"; };
/* End PBXFileReference section */

/* Begin PBXFrameworksBuildPhase section */
		DF2AF8682927F2CB00F7E479 /* Frameworks */ = {
			isa = PBXFrameworksBuildPhase;
			buildActionMask = 2147483647;
			files = (
			);
			runOnlyForDeploymentPostprocessing = 0;
		};
		DFE87B2C2902E2080088CB76 /* Frameworks */ = {
			isa = PBXFrameworksBuildPhase;
			buildActionMask = 2147483647;
			files = (
			);
			runOnlyForDeploymentPostprocessing = 0;
		};
/* End PBXFrameworksBuildPhase section */

/* Begin PBXGroup section */
		DF24AF8929085C8A00930240 /* ViewModel */ = {
			isa = PBXGroup;
			children = (
				DF24AF8A29085CA600930240 /* OnboardingContainerViewModel.swift */,
			);
			name = ViewModel;
			sourceTree = "<group>";
		};
		DF24AF8C2908612100930240 /* Main */ = {
			isa = PBXGroup;
			children = (
				DFC05ED0291986240069E7A0 /* MainTabBar */,
				DFC05ECF291985CB0069E7A0 /* MoreInformation */,
				DFC05ECE291985BB0069E7A0 /* Transactions */,
				DFF77CA42916F27E002A7113 /* Home */,
			);
			name = Main;
			sourceTree = "<group>";
		};
		DF24AF8F2908664700930240 /* ViewModel */ = {
			isa = PBXGroup;
			children = (
				DFC05ECC291982A70069E7A0 /* MainTabBarViewModel.swift */,
			);
			name = ViewModel;
			sourceTree = "<group>";
		};
		DF2AF86C2927F2CB00F7E479 /* BankAccountUnitTests */ = {
			isa = PBXGroup;
			children = (
				DF820EE0292F9EF800A1DF8D /* UtilsTests */,
				DF820EDD292F9B0A00A1DF8D /* CommonTests */,
			);
			path = BankAccountUnitTests;
			sourceTree = "<group>";
		};
		DF3D7EB9292271710043F06B /* Views */ = {
			isa = PBXGroup;
			children = (
				DF24AF8D2908613100930240 /* HomeViewController.swift */,
				DFC05ED1291986E90069E7A0 /* Header */,
				DFC05ED2291986F00069E7A0 /* Cell */,
			);
			name = Views;
			sourceTree = "<group>";
		};
		DF3D7EBA292271990043F06B /* ViewModel */ = {
			isa = PBXGroup;
			children = (
				DF3D7EBB292271AB0043F06B /* HomeViewModel.swift */,
			);
			name = ViewModel;
			sourceTree = "<group>";
		};
		DF3D7EBD29227B350043F06B /* Model */ = {
			isa = PBXGroup;
			children = (
				DF3D7EBE29227B4A0043F06B /* HomeModel.swift */,
			);
			name = Model;
			sourceTree = "<group>";
		};
		DF820EDD292F9B0A00A1DF8D /* CommonTests */ = {
			isa = PBXGroup;
			children = (
				DF820EDE292F9B3000A1DF8D /* TextExtensionTests.swift */,
			);
			path = CommonTests;
			sourceTree = "<group>";
		};
		DF820EE0292F9EF800A1DF8D /* UtilsTests */ = {
			isa = PBXGroup;
			children = (
				DF820EE1292F9F2B00A1DF8D /* CurrencyFormatterTests.swift */,
			);
			path = UtilsTests;
			sourceTree = "<group>";
		};
		DFAE0FB62904A5E6000D94C4 /* ViewModel */ = {
			isa = PBXGroup;
			children = (
				DFAE0FB72904A600000D94C4 /* LoginViewModel.swift */,
			);
			name = ViewModel;
			sourceTree = "<group>";
		};
		DFB705992906F32200A42A28 /* Onboarding */ = {
			isa = PBXGroup;
			children = (
				DF24AF8929085C8A00930240 /* ViewModel */,
				DFB7059A2906F35600A42A28 /* OnboardingContainerViewController.swift */,
				DFB705AD290730A800A42A28 /* OnboardingViewController.swift */,
			);
			name = Onboarding;
			sourceTree = "<group>";
		};
		DFB705A42907203600A42A28 /* Common */ = {
			isa = PBXGroup;
			children = (
				DFB705A72907206100A42A28 /* ColorExtension.swift */,
				DFFE9444290AD445008AC892 /* ViewControllerExtension.swift */,
				DF0FFBC7292BE9E80053344D /* TextExtensions.swift */,
			);
			name = Common;
			sourceTree = "<group>";
		};
		DFC05ECE291985BB0069E7A0 /* Transactions */ = {
			isa = PBXGroup;
			children = (
				DFFE944B290C6CE5008AC892 /* TransactionsViewController.swift */,
			);
			name = Transactions;
			sourceTree = "<group>";
		};
		DFC05ECF291985CB0069E7A0 /* MoreInformation */ = {
			isa = PBXGroup;
			children = (
				DFFE944D290C6D14008AC892 /* MoreInformationViewController.swift */,
			);
			name = MoreInformation;
			sourceTree = "<group>";
		};
		DFC05ED0291986240069E7A0 /* MainTabBar */ = {
			isa = PBXGroup;
			children = (
				DF24AF8F2908664700930240 /* ViewModel */,
				DFFE9449290C6670008AC892 /* MainTabBarController.swift */,
			);
			name = MainTabBar;
			sourceTree = "<group>";
		};
		DFC05ED1291986E90069E7A0 /* Header */ = {
			isa = PBXGroup;
			children = (
				DFF77CA72916F2B9002A7113 /* HomeHeaderView.xib */,
				DFF77CA52916F298002A7113 /* HomeHeaderView.swift */,
			);
			name = Header;
			sourceTree = "<group>";
		};
		DFC05ED2291986F00069E7A0 /* Cell */ = {
			isa = PBXGroup;
			children = (
				DFC05ED3291987150069E7A0 /* HomeCell.swift */,
			);
			name = Cell;
			sourceTree = "<group>";
		};
		DFE87B262902E2080088CB76 = {
			isa = PBXGroup;
			children = (
				DFE87B312902E2080088CB76 /* BankAccount */,
				DF2AF86C2927F2CB00F7E479 /* BankAccountUnitTests */,
				DFE87B302902E2080088CB76 /* Products */,
			);
			sourceTree = "<group>";
		};
		DFE87B302902E2080088CB76 /* Products */ = {
			isa = PBXGroup;
			children = (
				DFE87B2F2902E2080088CB76 /* BankAccount.app */,
				DF2AF86B2927F2CB00F7E479 /* BankAccountUnitTests.xctest */,
			);
			name = Products;
			sourceTree = "<group>";
		};
		DFE87B312902E2080088CB76 /* BankAccount */ = {
			isa = PBXGroup;
			children = (
				DFF77CA129157EA0002A7113 /* Navigation */,
				DFFE9446290B0EF3008AC892 /* Utils */,
				DF24AF8C2908612100930240 /* Main */,
				DFB705A42907203600A42A28 /* Common */,
				DFB705992906F32200A42A28 /* Onboarding */,
				DFE87B472902FEFF0088CB76 /* Login */,
				DFE87B462902FE9E0088CB76 /* GeneralFiles */,
			);
			path = BankAccount;
			sourceTree = "<group>";
		};
		DFE87B462902FE9E0088CB76 /* GeneralFiles */ = {
			isa = PBXGroup;
			children = (
				DFE87B342902E2080088CB76 /* SceneDelegate.swift */,
				DFE87B322902E2080088CB76 /* AppDelegate.swift */,
				DFE87B402902E2090088CB76 /* Info.plist */,
				DFE87B3D2902E2090088CB76 /* LaunchScreen.storyboard */,
				DFE87B3B2902E2090088CB76 /* Assets.xcassets */,
			);
			name = GeneralFiles;
			sourceTree = "<group>";
		};
		DFE87B472902FEFF0088CB76 /* Login */ = {
			isa = PBXGroup;
			children = (
				DFAE0FB62904A5E6000D94C4 /* ViewModel */,
				DFE87B4A2902FF3E0088CB76 /* Views */,
			);
			name = Login;
			sourceTree = "<group>";
		};
		DFE87B4A2902FF3E0088CB76 /* Views */ = {
			isa = PBXGroup;
			children = (
				DFE87B482902FF360088CB76 /* LoginView.swift */,
				DFE87B362902E2080088CB76 /* LoginViewController.swift */,
			);
			name = Views;
			sourceTree = "<group>";
		};
		DFF77CA129157EA0002A7113 /* Navigation */ = {
			isa = PBXGroup;
			children = (
				DFFE9422290AC474008AC892 /* NavigationLogin.swift */,
			);
			name = Navigation;
			sourceTree = "<group>";
		};
		DFF77CA42916F27E002A7113 /* Home */ = {
			isa = PBXGroup;
			children = (
				DF3D7EBD29227B350043F06B /* Model */,
				DF3D7EBA292271990043F06B /* ViewModel */,
				DF3D7EB9292271710043F06B /* Views */,
			);
			name = Home;
			sourceTree = "<group>";
		};
		DFFE9446290B0EF3008AC892 /* Utils */ = {
			isa = PBXGroup;
			children = (
				DFFE9447290B0F03008AC892 /* LocalState.swift */,
				DF2AF8742927FB2600F7E479 /* CurrencyFormatter.swift */,
				DFA9A1EC2938DFFB000A285C /* NSNotificationName.swift */,
			);
			name = Utils;
			sourceTree = "<group>";
		};
/* End PBXGroup section */

/* Begin PBXNativeTarget section */
		DF2AF86A2927F2CB00F7E479 /* BankAccountUnitTests */ = {
			isa = PBXNativeTarget;
			buildConfigurationList = DF2AF8712927F2CB00F7E479 /* Build configuration list for PBXNativeTarget "BankAccountUnitTests" */;
			buildPhases = (
				DF2AF8672927F2CB00F7E479 /* Sources */,
				DF2AF8682927F2CB00F7E479 /* Frameworks */,
				DF2AF8692927F2CB00F7E479 /* Resources */,
			);
			buildRules = (
			);
			dependencies = (
				DF2AF8702927F2CB00F7E479 /* PBXTargetDependency */,
			);
			name = BankAccountUnitTests;
			productName = BankAccountUnitTests;
			productReference = DF2AF86B2927F2CB00F7E479 /* BankAccountUnitTests.xctest */;
			productType = "com.apple.product-type.bundle.unit-test";
		};
		DFE87B2E2902E2080088CB76 /* BankAccount */ = {
			isa = PBXNativeTarget;
			buildConfigurationList = DFE87B432902E2090088CB76 /* Build configuration list for PBXNativeTarget "BankAccount" */;
			buildPhases = (
				DFE87B2B2902E2080088CB76 /* Sources */,
				DFE87B2C2902E2080088CB76 /* Frameworks */,
				DFE87B2D2902E2080088CB76 /* Resources */,
			);
			buildRules = (
			);
			dependencies = (
			);
			name = BankAccount;
			productName = BankAccount;
			productReference = DFE87B2F2902E2080088CB76 /* BankAccount.app */;
			productType = "com.apple.product-type.application";
		};
/* End PBXNativeTarget section */

/* Begin PBXProject section */
		DFE87B272902E2080088CB76 /* Project object */ = {
			isa = PBXProject;
			attributes = {
				BuildIndependentTargetsInParallel = 1;
				LastSwiftUpdateCheck = 1310;
				LastUpgradeCheck = 1310;
				TargetAttributes = {
					DF2AF86A2927F2CB00F7E479 = {
						CreatedOnToolsVersion = 13.1;
						TestTargetID = DFE87B2E2902E2080088CB76;
					};
					DFE87B2E2902E2080088CB76 = {
						CreatedOnToolsVersion = 13.1;
					};
				};
			};
			buildConfigurationList = DFE87B2A2902E2080088CB76 /* Build configuration list for PBXProject "BankAccount" */;
			compatibilityVersion = "Xcode 13.0";
			developmentRegion = en;
			hasScannedForEncodings = 0;
			knownRegions = (
				en,
				Base,
			);
			mainGroup = DFE87B262902E2080088CB76;
			productRefGroup = DFE87B302902E2080088CB76 /* Products */;
			projectDirPath = "";
			projectRoot = "";
			targets = (
				DFE87B2E2902E2080088CB76 /* BankAccount */,
				DF2AF86A2927F2CB00F7E479 /* BankAccountUnitTests */,
			);
		};
/* End PBXProject section */

/* Begin PBXResourcesBuildPhase section */
		DF2AF8692927F2CB00F7E479 /* Resources */ = {
			isa = PBXResourcesBuildPhase;
			buildActionMask = 2147483647;
			files = (
			);
			runOnlyForDeploymentPostprocessing = 0;
		};
		DFE87B2D2902E2080088CB76 /* Resources */ = {
			isa = PBXResourcesBuildPhase;
			buildActionMask = 2147483647;
			files = (
				DFE87B3F2902E2090088CB76 /* LaunchScreen.storyboard in Resources */,
				DFE87B3C2902E2090088CB76 /* Assets.xcassets in Resources */,
				DFF77CA82916F2B9002A7113 /* HomeHeaderView.xib in Resources */,
			);
			runOnlyForDeploymentPostprocessing = 0;
		};
/* End PBXResourcesBuildPhase section */

/* Begin PBXSourcesBuildPhase section */
		DF2AF8672927F2CB00F7E479 /* Sources */ = {
			isa = PBXSourcesBuildPhase;
			buildActionMask = 2147483647;
			files = (
				DF820EDF292F9B3000A1DF8D /* TextExtensionTests.swift in Sources */,
				DF820EE2292F9F2B00A1DF8D /* CurrencyFormatterTests.swift in Sources */,
			);
			runOnlyForDeploymentPostprocessing = 0;
		};
		DFE87B2B2902E2080088CB76 /* Sources */ = {
			isa = PBXSourcesBuildPhase;
			buildActionMask = 2147483647;
			files = (
				DFFE9445290AD445008AC892 /* ViewControllerExtension.swift in Sources */,
				DF2AF8752927FB2600F7E479 /* CurrencyFormatter.swift in Sources */,
				DFFE9448290B0F03008AC892 /* LocalState.swift in Sources */,
				DFFE944A290C6670008AC892 /* MainTabBarController.swift in Sources */,
				DFA9A1ED2938DFFB000A285C /* NSNotificationName.swift in Sources */,
				DF3D7EBC292271AB0043F06B /* HomeViewModel.swift in Sources */,
				DF24AF8B29085CA600930240 /* OnboardingContainerViewModel.swift in Sources */,
				DFC05ECD291982A70069E7A0 /* MainTabBarViewModel.swift in Sources */,
				DFE87B372902E2080088CB76 /* LoginViewController.swift in Sources */,
				DFFE944C290C6CE5008AC892 /* TransactionsViewController.swift in Sources */,
				DFFE944E290C6D14008AC892 /* MoreInformationViewController.swift in Sources */,
				DFF77CA62916F298002A7113 /* HomeHeaderView.swift in Sources */,
				DFB7059B2906F35600A42A28 /* OnboardingContainerViewController.swift in Sources */,
				DFE87B332902E2080088CB76 /* AppDelegate.swift in Sources */,
				DFB705A82907206100A42A28 /* ColorExtension.swift in Sources */,
				DF24AF8E2908613100930240 /* HomeViewController.swift in Sources */,
				DFE87B492902FF360088CB76 /* LoginView.swift in Sources */,
				DFC05ED4291987150069E7A0 /* HomeCell.swift in Sources */,
				DFFE9423290AC474008AC892 /* NavigationLogin.swift in Sources */,
				DF3D7EBF29227B4A0043F06B /* HomeModel.swift in Sources */,
				DFAE0FB82904A600000D94C4 /* LoginViewModel.swift in Sources */,
				DFB705AE290730A800A42A28 /* OnboardingViewController.swift in Sources */,
				DF0FFBC8292BE9E80053344D /* TextExtensions.swift in Sources */,
				DFE87B352902E2080088CB76 /* SceneDelegate.swift in Sources */,
			);
			runOnlyForDeploymentPostprocessing = 0;
		};
/* End PBXSourcesBuildPhase section */

/* Begin PBXTargetDependency section */
		DF2AF8702927F2CB00F7E479 /* PBXTargetDependency */ = {
			isa = PBXTargetDependency;
			target = DFE87B2E2902E2080088CB76 /* BankAccount */;
			targetProxy = DF2AF86F2927F2CB00F7E479 /* PBXContainerItemProxy */;
		};
/* End PBXTargetDependency section */

/* Begin PBXVariantGroup section */
		DFE87B3D2902E2090088CB76 /* LaunchScreen.storyboard */ = {
			isa = PBXVariantGroup;
			children = (
				DFE87B3E2902E2090088CB76 /* Base */,
			);
			name = LaunchScreen.storyboard;
			sourceTree = "<group>";
		};
/* End PBXVariantGroup section */

/* Begin XCBuildConfiguration section */
		DF2AF8722927F2CB00F7E479 /* Debug */ = {
			isa = XCBuildConfiguration;
			buildSettings = {
				BUNDLE_LOADER = "$(TEST_HOST)";
				CODE_SIGN_STYLE = Automatic;
				CURRENT_PROJECT_VERSION = 1;
				DEVELOPMENT_TEAM = X3ATBHFANP;
				GENERATE_INFOPLIST_FILE = YES;
				LD_RUNPATH_SEARCH_PATHS = (
					"$(inherited)",
					"@executable_path/Frameworks",
					"@loader_path/Frameworks",
				);
				MARKETING_VERSION = 1.0;
				PRODUCT_BUNDLE_IDENTIFIER = com.tbdbatista.BankAccountUnitTests;
				PRODUCT_NAME = "$(TARGET_NAME)";
				SWIFT_EMIT_LOC_STRINGS = NO;
				SWIFT_VERSION = 5.0;
				TARGETED_DEVICE_FAMILY = "1,2";
				TEST_HOST = "$(BUILT_PRODUCTS_DIR)/BankAccount.app/BankAccount";
			};
			name = Debug;
		};
		DF2AF8732927F2CB00F7E479 /* Release */ = {
			isa = XCBuildConfiguration;
			buildSettings = {
				BUNDLE_LOADER = "$(TEST_HOST)";
				CODE_SIGN_STYLE = Automatic;
				CURRENT_PROJECT_VERSION = 1;
				DEVELOPMENT_TEAM = X3ATBHFANP;
				GENERATE_INFOPLIST_FILE = YES;
				LD_RUNPATH_SEARCH_PATHS = (
					"$(inherited)",
					"@executable_path/Frameworks",
					"@loader_path/Frameworks",
				);
				MARKETING_VERSION = 1.0;
				PRODUCT_BUNDLE_IDENTIFIER = com.tbdbatista.BankAccountUnitTests;
				PRODUCT_NAME = "$(TARGET_NAME)";
				SWIFT_EMIT_LOC_STRINGS = NO;
				SWIFT_VERSION = 5.0;
				TARGETED_DEVICE_FAMILY = "1,2";
				TEST_HOST = "$(BUILT_PRODUCTS_DIR)/BankAccount.app/BankAccount";
			};
			name = Release;
		};
		DFE87B412902E2090088CB76 /* Debug */ = {
			isa = XCBuildConfiguration;
			buildSettings = {
				ALWAYS_SEARCH_USER_PATHS = NO;
				CLANG_ANALYZER_NONNULL = YES;
				CLANG_ANALYZER_NUMBER_OBJECT_CONVERSION = YES_AGGRESSIVE;
				CLANG_CXX_LANGUAGE_STANDARD = "gnu++17";
				CLANG_CXX_LIBRARY = "libc++";
				CLANG_ENABLE_MODULES = YES;
				CLANG_ENABLE_OBJC_ARC = YES;
				CLANG_ENABLE_OBJC_WEAK = YES;
				CLANG_WARN_BLOCK_CAPTURE_AUTORELEASING = YES;
				CLANG_WARN_BOOL_CONVERSION = YES;
				CLANG_WARN_COMMA = YES;
				CLANG_WARN_CONSTANT_CONVERSION = YES;
				CLANG_WARN_DEPRECATED_OBJC_IMPLEMENTATIONS = YES;
				CLANG_WARN_DIRECT_OBJC_ISA_USAGE = YES_ERROR;
				CLANG_WARN_DOCUMENTATION_COMMENTS = YES;
				CLANG_WARN_EMPTY_BODY = YES;
				CLANG_WARN_ENUM_CONVERSION = YES;
				CLANG_WARN_INFINITE_RECURSION = YES;
				CLANG_WARN_INT_CONVERSION = YES;
				CLANG_WARN_NON_LITERAL_NULL_CONVERSION = YES;
				CLANG_WARN_OBJC_IMPLICIT_RETAIN_SELF = YES;
				CLANG_WARN_OBJC_LITERAL_CONVERSION = YES;
				CLANG_WARN_OBJC_ROOT_CLASS = YES_ERROR;
				CLANG_WARN_QUOTED_INCLUDE_IN_FRAMEWORK_HEADER = YES;
				CLANG_WARN_RANGE_LOOP_ANALYSIS = YES;
				CLANG_WARN_STRICT_PROTOTYPES = YES;
				CLANG_WARN_SUSPICIOUS_MOVE = YES;
				CLANG_WARN_UNGUARDED_AVAILABILITY = YES_AGGRESSIVE;
				CLANG_WARN_UNREACHABLE_CODE = YES;
				CLANG_WARN__DUPLICATE_METHOD_MATCH = YES;
				COPY_PHASE_STRIP = NO;
				DEBUG_INFORMATION_FORMAT = dwarf;
				ENABLE_STRICT_OBJC_MSGSEND = YES;
				ENABLE_TESTABILITY = YES;
				GCC_C_LANGUAGE_STANDARD = gnu11;
				GCC_DYNAMIC_NO_PIC = NO;
				GCC_NO_COMMON_BLOCKS = YES;
				GCC_OPTIMIZATION_LEVEL = 0;
				GCC_PREPROCESSOR_DEFINITIONS = (
					"DEBUG=1",
					"$(inherited)",
				);
				GCC_WARN_64_TO_32_BIT_CONVERSION = YES;
				GCC_WARN_ABOUT_RETURN_TYPE = YES_ERROR;
				GCC_WARN_UNDECLARED_SELECTOR = YES;
				GCC_WARN_UNINITIALIZED_AUTOS = YES_AGGRESSIVE;
				GCC_WARN_UNUSED_FUNCTION = YES;
				GCC_WARN_UNUSED_VARIABLE = YES;
				IPHONEOS_DEPLOYMENT_TARGET = 15.0;
				MTL_ENABLE_DEBUG_INFO = INCLUDE_SOURCE;
				MTL_FAST_MATH = YES;
				ONLY_ACTIVE_ARCH = YES;
				SDKROOT = iphoneos;
				SWIFT_ACTIVE_COMPILATION_CONDITIONS = DEBUG;
				SWIFT_OPTIMIZATION_LEVEL = "-Onone";
			};
			name = Debug;
		};
		DFE87B422902E2090088CB76 /* Release */ = {
			isa = XCBuildConfiguration;
			buildSettings = {
				ALWAYS_SEARCH_USER_PATHS = NO;
				CLANG_ANALYZER_NONNULL = YES;
				CLANG_ANALYZER_NUMBER_OBJECT_CONVERSION = YES_AGGRESSIVE;
				CLANG_CXX_LANGUAGE_STANDARD = "gnu++17";
				CLANG_CXX_LIBRARY = "libc++";
				CLANG_ENABLE_MODULES = YES;
				CLANG_ENABLE_OBJC_ARC = YES;
				CLANG_ENABLE_OBJC_WEAK = YES;
				CLANG_WARN_BLOCK_CAPTURE_AUTORELEASING = YES;
				CLANG_WARN_BOOL_CONVERSION = YES;
				CLANG_WARN_COMMA = YES;
				CLANG_WARN_CONSTANT_CONVERSION = YES;
				CLANG_WARN_DEPRECATED_OBJC_IMPLEMENTATIONS = YES;
				CLANG_WARN_DIRECT_OBJC_ISA_USAGE = YES_ERROR;
				CLANG_WARN_DOCUMENTATION_COMMENTS = YES;
				CLANG_WARN_EMPTY_BODY = YES;
				CLANG_WARN_ENUM_CONVERSION = YES;
				CLANG_WARN_INFINITE_RECURSION = YES;
				CLANG_WARN_INT_CONVERSION = YES;
				CLANG_WARN_NON_LITERAL_NULL_CONVERSION = YES;
				CLANG_WARN_OBJC_IMPLICIT_RETAIN_SELF = YES;
				CLANG_WARN_OBJC_LITERAL_CONVERSION = YES;
				CLANG_WARN_OBJC_ROOT_CLASS = YES_ERROR;
				CLANG_WARN_QUOTED_INCLUDE_IN_FRAMEWORK_HEADER = YES;
				CLANG_WARN_RANGE_LOOP_ANALYSIS = YES;
				CLANG_WARN_STRICT_PROTOTYPES = YES;
				CLANG_WARN_SUSPICIOUS_MOVE = YES;
				CLANG_WARN_UNGUARDED_AVAILABILITY = YES_AGGRESSIVE;
				CLANG_WARN_UNREACHABLE_CODE = YES;
				CLANG_WARN__DUPLICATE_METHOD_MATCH = YES;
				COPY_PHASE_STRIP = NO;
				DEBUG_INFORMATION_FORMAT = "dwarf-with-dsym";
				ENABLE_NS_ASSERTIONS = NO;
				ENABLE_STRICT_OBJC_MSGSEND = YES;
				GCC_C_LANGUAGE_STANDARD = gnu11;
				GCC_NO_COMMON_BLOCKS = YES;
				GCC_WARN_64_TO_32_BIT_CONVERSION = YES;
				GCC_WARN_ABOUT_RETURN_TYPE = YES_ERROR;
				GCC_WARN_UNDECLARED_SELECTOR = YES;
				GCC_WARN_UNINITIALIZED_AUTOS = YES_AGGRESSIVE;
				GCC_WARN_UNUSED_FUNCTION = YES;
				GCC_WARN_UNUSED_VARIABLE = YES;
				IPHONEOS_DEPLOYMENT_TARGET = 15.0;
				MTL_ENABLE_DEBUG_INFO = NO;
				MTL_FAST_MATH = YES;
				SDKROOT = iphoneos;
				SWIFT_COMPILATION_MODE = wholemodule;
				SWIFT_OPTIMIZATION_LEVEL = "-O";
				VALIDATE_PRODUCT = YES;
			};
			name = Release;
		};
		DFE87B442902E2090088CB76 /* Debug */ = {
			isa = XCBuildConfiguration;
			buildSettings = {
				ASSETCATALOG_COMPILER_APPICON_NAME = AppIcon;
				ASSETCATALOG_COMPILER_GLOBAL_ACCENT_COLOR_NAME = AccentColor;
				CODE_SIGN_STYLE = Automatic;
				CURRENT_PROJECT_VERSION = 1;
				DEVELOPMENT_TEAM = X3ATBHFANP;
				GENERATE_INFOPLIST_FILE = YES;
				INFOPLIST_FILE = BankAccount/Info.plist;
				INFOPLIST_KEY_UIApplicationSupportsIndirectInputEvents = YES;
				INFOPLIST_KEY_UILaunchStoryboardName = LaunchScreen;
				INFOPLIST_KEY_UISupportedInterfaceOrientations_iPad = "UIInterfaceOrientationPortrait UIInterfaceOrientationPortraitUpsideDown UIInterfaceOrientationLandscapeLeft UIInterfaceOrientationLandscapeRight";
				INFOPLIST_KEY_UISupportedInterfaceOrientations_iPhone = "UIInterfaceOrientationPortrait UIInterfaceOrientationLandscapeLeft UIInterfaceOrientationLandscapeRight";
				LD_RUNPATH_SEARCH_PATHS = (
					"$(inherited)",
					"@executable_path/Frameworks",
				);
				MARKETING_VERSION = 1.0;
				PRODUCT_BUNDLE_IDENTIFIER = com.tbdbatista.BankAccount;
				PRODUCT_NAME = "$(TARGET_NAME)";
				SWIFT_EMIT_LOC_STRINGS = YES;
				SWIFT_VERSION = 5.0;
				TARGETED_DEVICE_FAMILY = "1,2";
			};
			name = Debug;
		};
		DFE87B452902E2090088CB76 /* Release */ = {
			isa = XCBuildConfiguration;
			buildSettings = {
				ASSETCATALOG_COMPILER_APPICON_NAME = AppIcon;
				ASSETCATALOG_COMPILER_GLOBAL_ACCENT_COLOR_NAME = AccentColor;
				CODE_SIGN_STYLE = Automatic;
				CURRENT_PROJECT_VERSION = 1;
				DEVELOPMENT_TEAM = X3ATBHFANP;
				GENERATE_INFOPLIST_FILE = YES;
				INFOPLIST_FILE = BankAccount/Info.plist;
				INFOPLIST_KEY_UIApplicationSupportsIndirectInputEvents = YES;
				INFOPLIST_KEY_UILaunchStoryboardName = LaunchScreen;
				INFOPLIST_KEY_UISupportedInterfaceOrientations_iPad = "UIInterfaceOrientationPortrait UIInterfaceOrientationPortraitUpsideDown UIInterfaceOrientationLandscapeLeft UIInterfaceOrientationLandscapeRight";
				INFOPLIST_KEY_UISupportedInterfaceOrientations_iPhone = "UIInterfaceOrientationPortrait UIInterfaceOrientationLandscapeLeft UIInterfaceOrientationLandscapeRight";
				LD_RUNPATH_SEARCH_PATHS = (
					"$(inherited)",
					"@executable_path/Frameworks",
				);
				MARKETING_VERSION = 1.0;
				PRODUCT_BUNDLE_IDENTIFIER = com.tbdbatista.BankAccount;
				PRODUCT_NAME = "$(TARGET_NAME)";
				SWIFT_EMIT_LOC_STRINGS = YES;
				SWIFT_VERSION = 5.0;
				TARGETED_DEVICE_FAMILY = "1,2";
			};
			name = Release;
		};
/* End XCBuildConfiguration section */

/* Begin XCConfigurationList section */
		DF2AF8712927F2CB00F7E479 /* Build configuration list for PBXNativeTarget "BankAccountUnitTests" */ = {
			isa = XCConfigurationList;
			buildConfigurations = (
				DF2AF8722927F2CB00F7E479 /* Debug */,
				DF2AF8732927F2CB00F7E479 /* Release */,
			);
			defaultConfigurationIsVisible = 0;
			defaultConfigurationName = Release;
		};
		DFE87B2A2902E2080088CB76 /* Build configuration list for PBXProject "BankAccount" */ = {
			isa = XCConfigurationList;
			buildConfigurations = (
				DFE87B412902E2090088CB76 /* Debug */,
				DFE87B422902E2090088CB76 /* Release */,
			);
			defaultConfigurationIsVisible = 0;
			defaultConfigurationName = Release;
		};
		DFE87B432902E2090088CB76 /* Build configuration list for PBXNativeTarget "BankAccount" */ = {
			isa = XCConfigurationList;
			buildConfigurations = (
				DFE87B442902E2090088CB76 /* Debug */,
				DFE87B452902E2090088CB76 /* Release */,
			);
			defaultConfigurationIsVisible = 0;
			defaultConfigurationName = Release;
		};
/* End XCConfigurationList section */
	};
	rootObject = DFE87B272902E2080088CB76 /* Project object */;
}
